
Microsoft Visual Studio Solution File, Format Version 12.00
# Visual Studio Version 17
VisualStudioVersion = 17.8.34408.163
MinimumVisualStudioVersion = 10.0.40219.1
Project("{FAE04EC0-301F-11D3-BF4B-00C04F79EFBC}") = "LAB 01", "LAB 01\LAB 01.csproj", "{07157691-334C-4B19-93F6-BD14419FFF64}"
EndProject
Project("{FAE04EC0-301F-11D3-BF4B-00C04F79EFBC}") = "LAB02-Q1", "LAB02-Q1\LAB02-Q1.csproj", "{D74D4885-2372-4994-AB9C-A5CFF33C5D0E}"
EndProject
Global
	GlobalSection(SolutionConfigurationPlatforms) = preSolution
		Debug|Any CPU = Debug|Any CPU
		Release|Any CPU = Release|Any CPU
	EndGlobalSection
	GlobalSection(ProjectConfigurationPlatforms) = postSolution
		{07157691-334C-4B19-93F6-BD14419FFF64}.Debug|Any CPU.ActiveCfg = Debug|Any CPU
		{07157691-334C-4B19-93F6-BD14419FFF64}.Debug|Any CPU.Build.0 = Debug|Any CPU
		{07157691-334C-4B19-93F6-BD14419FFF64}.Release|Any CPU.ActiveCfg = Release|Any CPU
		{07157691-334C-4B19-93F6-BD14419FFF64}.Release|Any CPU.Build.0 = Release|Any CPU
		{D74D4885-2372-4994-AB9C-A5CFF33C5D0E}.Debug|Any CPU.ActiveCfg = Debug|Any CPU
		{D74D4885-2372-4994-AB9C-A5CFF33C5D0E}.Debug|Any CPU.Build.0 = Debug|Any CPU
		{D74D4885-2372-4994-AB9C-A5CFF33C5D0E}.Release|Any CPU.ActiveCfg = Release|Any CPU
		{D74D4885-2372-4994-AB9C-A5CFF33C5D0E}.Release|Any CPU.Build.0 = Release|Any CPU
	EndGlobalSection
	GlobalSection(SolutionProperties) = preSolution
		HideSolutionNode = FALSE
	EndGlobalSection
	GlobalSection(ExtensibilityGlobals) = postSolution
		SolutionGuid = {48BE91F3-27E2-4257-A8D7-35956DE3F238}
	EndGlobalSection
EndGlobal
