
Microsoft Visual Studio Solution File, Format Version 12.00
# Visual Studio Version 17
VisualStudioVersion = 17.8.34408.163
MinimumVisualStudioVersion = 10.0.40219.1
Project("{FAE04EC0-301F-11D3-BF4B-00C04F79EFBC}") = "LAB 01", "LAB 01\LAB 01.csproj", "{07157691-334C-4B19-93F6-BD14419FFF64}"
EndProject
Project("{FAE04EC0-301F-11D3-BF4B-00C04F79EFBC}") = "LAB02-Q1", "LAB02-Q1\LAB02-Q1.csproj", "{D74D4885-2372-4994-AB9C-A5CFF33C5D0E}"
EndProject
Project("{FAE04EC0-301F-11D3-BF4B-00C04F79EFBC}") = "LAB02-Q2", "LAB02-Q2\LAB02-Q2.csproj", "{F5CDD2B6-3899-4FF4-9232-3642786999AD}"
EndProject
Project("{FAE04EC0-301F-11D3-BF4B-00C04F79EFBC}") = "LAB02-Q3", "LAB02-Q3\LAB02-Q3.csproj", "{4796D761-CAEC-4B49-8E24-A38915AA4275}"
EndProject
Project("{FAE04EC0-301F-11D3-BF4B-00C04F79EFBC}") = "LAB02-Q4", "LAB02-Q4\LAB02-Q4.csproj", "{231E1F82-2AA8-4FBB-AFFD-A67553DA36B0}"
EndProject
Project("{FAE04EC0-301F-11D3-BF4B-00C04F79EFBC}") = "LAB02-Q5", "LAB02-Q5\LAB02-Q5.csproj", "{222F9CB7-2F28-4DDB-93E3-A09D77109F55}"
EndProject
Project("{FAE04EC0-301F-11D3-BF4B-00C04F79EFBC}") = "LAB03-Q1", "LAB03-Q1\LAB03-Q1.csproj", "{35DD7813-0EB7-4EF5-8D62-C377E6A5E558}"
EndProject
Project("{FAE04EC0-301F-11D3-BF4B-00C04F79EFBC}") = "LAB03-Q2", "LAB03-Q2\LAB03-Q2.csproj", "{5EF1750A-A864-4ACD-910A-A2B8A0381278}"
EndProject
Project("{FAE04EC0-301F-11D3-BF4B-00C04F79EFBC}") = "LAB03-Q3", "LAB03-Q3\LAB03-Q3.csproj", "{CDBD1339-0C94-46D5-A372-C80806E723A3}"
EndProject
Global
	GlobalSection(SolutionConfigurationPlatforms) = preSolution
		Debug|Any CPU = Debug|Any CPU
		Release|Any CPU = Release|Any CPU
	EndGlobalSection
	GlobalSection(ProjectConfigurationPlatforms) = postSolution
		{07157691-334C-4B19-93F6-BD14419FFF64}.Debug|Any CPU.ActiveCfg = Debug|Any CPU
		{07157691-334C-4B19-93F6-BD14419FFF64}.Debug|Any CPU.Build.0 = Debug|Any CPU
		{07157691-334C-4B19-93F6-BD14419FFF64}.Release|Any CPU.ActiveCfg = Release|Any CPU
		{07157691-334C-4B19-93F6-BD14419FFF64}.Release|Any CPU.Build.0 = Release|Any CPU
		{D74D4885-2372-4994-AB9C-A5CFF33C5D0E}.Debug|Any CPU.ActiveCfg = Debug|Any CPU
		{D74D4885-2372-4994-AB9C-A5CFF33C5D0E}.Debug|Any CPU.Build.0 = Debug|Any CPU
		{D74D4885-2372-4994-AB9C-A5CFF33C5D0E}.Release|Any CPU.ActiveCfg = Release|Any CPU
		{D74D4885-2372-4994-AB9C-A5CFF33C5D0E}.Release|Any CPU.Build.0 = Release|Any CPU
		{F5CDD2B6-3899-4FF4-9232-3642786999AD}.Debug|Any CPU.ActiveCfg = Debug|Any CPU
		{F5CDD2B6-3899-4FF4-9232-3642786999AD}.Debug|Any CPU.Build.0 = Debug|Any CPU
		{F5CDD2B6-3899-4FF4-9232-3642786999AD}.Release|Any CPU.ActiveCfg = Release|Any CPU
		{F5CDD2B6-3899-4FF4-9232-3642786999AD}.Release|Any CPU.Build.0 = Release|Any CPU
		{4796D761-CAEC-4B49-8E24-A38915AA4275}.Debug|Any CPU.ActiveCfg = Debug|Any CPU
		{4796D761-CAEC-4B49-8E24-A38915AA4275}.Debug|Any CPU.Build.0 = Debug|Any CPU
		{4796D761-CAEC-4B49-8E24-A38915AA4275}.Release|Any CPU.ActiveCfg = Release|Any CPU
		{4796D761-CAEC-4B49-8E24-A38915AA4275}.Release|Any CPU.Build.0 = Release|Any CPU
		{231E1F82-2AA8-4FBB-AFFD-A67553DA36B0}.Debug|Any CPU.ActiveCfg = Debug|Any CPU
		{231E1F82-2AA8-4FBB-AFFD-A67553DA36B0}.Debug|Any CPU.Build.0 = Debug|Any CPU
		{231E1F82-2AA8-4FBB-AFFD-A67553DA36B0}.Release|Any CPU.ActiveCfg = Release|Any CPU
		{231E1F82-2AA8-4FBB-AFFD-A67553DA36B0}.Release|Any CPU.Build.0 = Release|Any CPU
		{222F9CB7-2F28-4DDB-93E3-A09D77109F55}.Debug|Any CPU.ActiveCfg = Debug|Any CPU
		{222F9CB7-2F28-4DDB-93E3-A09D77109F55}.Debug|Any CPU.Build.0 = Debug|Any CPU
		{222F9CB7-2F28-4DDB-93E3-A09D77109F55}.Release|Any CPU.ActiveCfg = Release|Any CPU
		{222F9CB7-2F28-4DDB-93E3-A09D77109F55}.Release|Any CPU.Build.0 = Release|Any CPU
		{35DD7813-0EB7-4EF5-8D62-C377E6A5E558}.Debug|Any CPU.ActiveCfg = Debug|Any CPU
		{35DD7813-0EB7-4EF5-8D62-C377E6A5E558}.Debug|Any CPU.Build.0 = Debug|Any CPU
		{35DD7813-0EB7-4EF5-8D62-C377E6A5E558}.Release|Any CPU.ActiveCfg = Release|Any CPU
		{35DD7813-0EB7-4EF5-8D62-C377E6A5E558}.Release|Any CPU.Build.0 = Release|Any CPU
		{5EF1750A-A864-4ACD-910A-A2B8A0381278}.Debug|Any CPU.ActiveCfg = Debug|Any CPU
		{5EF1750A-A864-4ACD-910A-A2B8A0381278}.Debug|Any CPU.Build.0 = Debug|Any CPU
		{5EF1750A-A864-4ACD-910A-A2B8A0381278}.Release|Any CPU.ActiveCfg = Release|Any CPU
		{5EF1750A-A864-4ACD-910A-A2B8A0381278}.Release|Any CPU.Build.0 = Release|Any CPU
		{CDBD1339-0C94-46D5-A372-C80806E723A3}.Debug|Any CPU.ActiveCfg = Debug|Any CPU
		{CDBD1339-0C94-46D5-A372-C80806E723A3}.Debug|Any CPU.Build.0 = Debug|Any CPU
		{CDBD1339-0C94-46D5-A372-C80806E723A3}.Release|Any CPU.ActiveCfg = Release|Any CPU
		{CDBD1339-0C94-46D5-A372-C80806E723A3}.Release|Any CPU.Build.0 = Release|Any CPU
	EndGlobalSection
	GlobalSection(SolutionProperties) = preSolution
		HideSolutionNode = FALSE
	EndGlobalSection
	GlobalSection(ExtensibilityGlobals) = postSolution
		SolutionGuid = {48BE91F3-27E2-4257-A8D7-35956DE3F238}
	EndGlobalSection
EndGlobal
